
Microsoft Visual Studio Solution File, Format Version 12.00
# Visual Studio Version 17
VisualStudioVersion = 17.7.34221.43
MinimumVisualStudioVersion = 10.0.40219.1
Project("{8BC9CEB8-8B4A-11D0-8D11-00A0C91BC942}") = "Project2", "Project2\Project2.vcxproj", "{BFB9076F-7ACD-4C9F-A47B-281B96F8629F}"
EndProject
Project("{8BC9CEB8-8B4A-11D0-8D11-00A0C91BC942}") = "Project1", "Project1\Project1.vcxproj", "{92E347AA-3BC8-4836-A3AC-CC734D0DCEF2}"
EndProject
Project("{8BC9CEB8-8B4A-11D0-8D11-00A0C91BC942}") = "Basic IO", "Project3\Project3.vcxproj", "{FE0C188F-A38B-42D7-A85D-A6A581B68256}"
EndProject
Global
	GlobalSection(SolutionConfigurationPlatforms) = preSolution
		Debug|x64 = Debug|x64
		Debug|x86 = Debug|x86
		Release|x64 = Release|x64
		Release|x86 = Release|x86
	EndGlobalSection
	GlobalSection(ProjectConfigurationPlatforms) = postSolution
		{BFB9076F-7ACD-4C9F-A47B-281B96F8629F}.Debug|x64.ActiveCfg = Debug|x64
		{BFB9076F-7ACD-4C9F-A47B-281B96F8629F}.Debug|x64.Build.0 = Debug|x64
		{BFB9076F-7ACD-4C9F-A47B-281B96F8629F}.Debug|x86.ActiveCfg = Debug|Win32
		{BFB9076F-7ACD-4C9F-A47B-281B96F8629F}.Debug|x86.Build.0 = Debug|Win32
		{BFB9076F-7ACD-4C9F-A47B-281B96F8629F}.Release|x64.ActiveCfg = Release|x64
		{BFB9076F-7ACD-4C9F-A47B-281B96F8629F}.Release|x64.Build.0 = Release|x64
		{BFB9076F-7ACD-4C9F-A47B-281B96F8629F}.Release|x86.ActiveCfg = Release|Win32
		{BFB9076F-7ACD-4C9F-A47B-281B96F8629F}.Release|x86.Build.0 = Release|Win32
		{92E347AA-3BC8-4836-A3AC-CC734D0DCEF2}.Debug|x64.ActiveCfg = Debug|x64
		{92E347AA-3BC8-4836-A3AC-CC734D0DCEF2}.Debug|x64.Build.0 = Debug|x64
		{92E347AA-3BC8-4836-A3AC-CC734D0DCEF2}.Debug|x86.ActiveCfg = Debug|Win32
		{92E347AA-3BC8-4836-A3AC-CC734D0DCEF2}.Debug|x86.Build.0 = Debug|Win32
		{92E347AA-3BC8-4836-A3AC-CC734D0DCEF2}.Release|x64.ActiveCfg = Release|x64
		{92E347AA-3BC8-4836-A3AC-CC734D0DCEF2}.Release|x64.Build.0 = Release|x64
		{92E347AA-3BC8-4836-A3AC-CC734D0DCEF2}.Release|x86.ActiveCfg = Release|Win32
		{92E347AA-3BC8-4836-A3AC-CC734D0DCEF2}.Release|x86.Build.0 = Release|Win32
		{FE0C188F-A38B-42D7-A85D-A6A581B68256}.Debug|x64.ActiveCfg = Debug|x64
		{FE0C188F-A38B-42D7-A85D-A6A581B68256}.Debug|x64.Build.0 = Debug|x64
		{FE0C188F-A38B-42D7-A85D-A6A581B68256}.Debug|x86.ActiveCfg = Debug|Win32
		{FE0C188F-A38B-42D7-A85D-A6A581B68256}.Debug|x86.Build.0 = Debug|Win32
		{FE0C188F-A38B-42D7-A85D-A6A581B68256}.Release|x64.ActiveCfg = Release|x64
		{FE0C188F-A38B-42D7-A85D-A6A581B68256}.Release|x64.Build.0 = Release|x64
		{FE0C188F-A38B-42D7-A85D-A6A581B68256}.Release|x86.ActiveCfg = Release|Win32
		{FE0C188F-A38B-42D7-A85D-A6A581B68256}.Release|x86.Build.0 = Release|Win32
	EndGlobalSection
	GlobalSection(SolutionProperties) = preSolution
		HideSolutionNode = FALSE
	EndGlobalSection
	GlobalSection(ExtensibilityGlobals) = postSolution
		SolutionGuid = {3FD41B6F-E5D2-48B2-9460-3D65B4191927}
	EndGlobalSection
EndGlobal
